
Microsoft Visual Studio Solution File, Format Version 12.00
Project("{FAE04EC0-301F-11D3-BF4B-00C04F79EFBC}") = "TwoSumNormal", "TwoSumNormal\TwoSumNormal.csproj", "{2FDABE42-A3DF-42B4-8149-C5842661731E}"
EndProject
Project("{FAE04EC0-301F-11D3-BF4B-00C04F79EFBC}") = "TwoSumLINQ", "TwoSumLINQ\TwoSumLINQ.csproj", "{FFE7FA81-6BA9-471D-980E-3CFC7DA02DEF}"
EndProject
Project("{FAE04EC0-301F-11D3-BF4B-00C04F79EFBC}") = "DivideStringNormal", "DivideStringNormal\DivideStringNormal.csproj", "{7E700266-720F-4400-A3DF-E86FA9BD5529}"
EndProject
Project("{FAE04EC0-301F-11D3-BF4B-00C04F79EFBC}") = "DivideStringLINQ", "DivideStringLINQ\DivideStringLINQ.csproj", "{D293597F-04EA-4958-9515-F07C2F209629}"
EndProject
Global
	GlobalSection(SolutionConfigurationPlatforms) = preSolution
		Debug|Any CPU = Debug|Any CPU
		Release|Any CPU = Release|Any CPU
	EndGlobalSection
	GlobalSection(ProjectConfigurationPlatforms) = postSolution
		{2FDABE42-A3DF-42B4-8149-C5842661731E}.Debug|Any CPU.ActiveCfg = Debug|Any CPU
		{2FDABE42-A3DF-42B4-8149-C5842661731E}.Debug|Any CPU.Build.0 = Debug|Any CPU
		{2FDABE42-A3DF-42B4-8149-C5842661731E}.Release|Any CPU.ActiveCfg = Release|Any CPU
		{2FDABE42-A3DF-42B4-8149-C5842661731E}.Release|Any CPU.Build.0 = Release|Any CPU
		{FFE7FA81-6BA9-471D-980E-3CFC7DA02DEF}.Debug|Any CPU.ActiveCfg = Debug|Any CPU
		{FFE7FA81-6BA9-471D-980E-3CFC7DA02DEF}.Debug|Any CPU.Build.0 = Debug|Any CPU
		{FFE7FA81-6BA9-471D-980E-3CFC7DA02DEF}.Release|Any CPU.ActiveCfg = Release|Any CPU
		{FFE7FA81-6BA9-471D-980E-3CFC7DA02DEF}.Release|Any CPU.Build.0 = Release|Any CPU
		{7E700266-720F-4400-A3DF-E86FA9BD5529}.Debug|Any CPU.ActiveCfg = Debug|Any CPU
		{7E700266-720F-4400-A3DF-E86FA9BD5529}.Debug|Any CPU.Build.0 = Debug|Any CPU
		{7E700266-720F-4400-A3DF-E86FA9BD5529}.Release|Any CPU.ActiveCfg = Release|Any CPU
		{7E700266-720F-4400-A3DF-E86FA9BD5529}.Release|Any CPU.Build.0 = Release|Any CPU
		{D293597F-04EA-4958-9515-F07C2F209629}.Debug|Any CPU.ActiveCfg = Debug|Any CPU
		{D293597F-04EA-4958-9515-F07C2F209629}.Debug|Any CPU.Build.0 = Debug|Any CPU
		{D293597F-04EA-4958-9515-F07C2F209629}.Release|Any CPU.ActiveCfg = Release|Any CPU
		{D293597F-04EA-4958-9515-F07C2F209629}.Release|Any CPU.Build.0 = Release|Any CPU
	EndGlobalSection
EndGlobal
